
Microsoft Visual Studio Solution File, Format Version 12.00
# Visual Studio Version 17
VisualStudioVersion = 17.14.36915.13 d17.14
MinimumVisualStudioVersion = 10.0.40219.1
Project("{8BC9CEB8-8B4A-11D0-8D11-00A0C91BC942}") = "Lab03_2.0", "Lab03_2.0\Lab03_2.0.vcxproj", "{F5275274-83AC-4BA7-AA8A-6C39DCCDF1DF}"
EndProject
Global
	GlobalSection(SolutionConfigurationPlatforms) = preSolution
		Debug|x64 = Debug|x64
		Debug|x86 = Debug|x86
		Release|x64 = Release|x64
		Release|x86 = Release|x86
	EndGlobalSection
	GlobalSection(ProjectConfigurationPlatforms) = postSolution
		{F5275274-83AC-4BA7-AA8A-6C39DCCDF1DF}.Debug|x64.ActiveCfg = Debug|x64
		{F5275274-83AC-4BA7-AA8A-6C39DCCDF1DF}.Debug|x64.Build.0 = Debug|x64
		{F5275274-83AC-4BA7-AA8A-6C39DCCDF1DF}.Debug|x86.ActiveCfg = Debug|Win32
		{F5275274-83AC-4BA7-AA8A-6C39DCCDF1DF}.Debug|x86.Build.0 = Debug|Win32
		{F5275274-83AC-4BA7-AA8A-6C39DCCDF1DF}.Release|x64.ActiveCfg = Release|x64
		{F5275274-83AC-4BA7-AA8A-6C39DCCDF1DF}.Release|x64.Build.0 = Release|x64
		{F5275274-83AC-4BA7-AA8A-6C39DCCDF1DF}.Release|x86.ActiveCfg = Release|Win32
		{F5275274-83AC-4BA7-AA8A-6C39DCCDF1DF}.Release|x86.Build.0 = Release|Win32
	EndGlobalSection
	GlobalSection(SolutionProperties) = preSolution
		HideSolutionNode = FALSE
	EndGlobalSection
	GlobalSection(ExtensibilityGlobals) = postSolution
		SolutionGuid = {EA0AAE9C-5EDF-4887-A8CC-0057C51522DA}
	EndGlobalSection
EndGlobal
