
Microsoft Visual Studio Solution File, Format Version 12.00
# Visual Studio Version 17
VisualStudioVersion = 17.14.36603.0 d17.14
MinimumVisualStudioVersion = 10.0.40219.1
Project("{FAE04EC0-301F-11D3-BF4B-00C04F79EFBC}") = "WpfTutorial", "WpfTutorial\WpfTutorial.csproj", "{6DDD83FB-A482-4617-AC8E-EF19224AEC8F}"
EndProject
Global
	GlobalSection(SolutionConfigurationPlatforms) = preSolution
		Debug|Any CPU = Debug|Any CPU
		Release|Any CPU = Release|Any CPU
	EndGlobalSection
	GlobalSection(ProjectConfigurationPlatforms) = postSolution
		{6DDD83FB-A482-4617-AC8E-EF19224AEC8F}.Debug|Any CPU.ActiveCfg = Debug|Any CPU
		{6DDD83FB-A482-4617-AC8E-EF19224AEC8F}.Debug|Any CPU.Build.0 = Debug|Any CPU
		{6DDD83FB-A482-4617-AC8E-EF19224AEC8F}.Release|Any CPU.ActiveCfg = Release|Any CPU
		{6DDD83FB-A482-4617-AC8E-EF19224AEC8F}.Release|Any CPU.Build.0 = Release|Any CPU
	EndGlobalSection
	GlobalSection(SolutionProperties) = preSolution
		HideSolutionNode = FALSE
	EndGlobalSection
	GlobalSection(ExtensibilityGlobals) = postSolution
		SolutionGuid = {5481ED02-F908-4495-B6C2-D567930620A9}
	EndGlobalSection
EndGlobal
