
Microsoft Visual Studio Solution File, Format Version 12.00
# Visual Studio Version 17
VisualStudioVersion = 17.14.36603.0 d17.14
MinimumVisualStudioVersion = 10.0.40219.1
Project("{FAE04EC0-301F-11D3-BF4B-00C04F79EFBC}") = "WpfPractice1", "WpfPractice1\WpfPractice1.csproj", "{A55B6B4E-44C7-446B-8684-F8A18642203B}"
EndProject
Global
	GlobalSection(SolutionConfigurationPlatforms) = preSolution
		Debug|Any CPU = Debug|Any CPU
		Release|Any CPU = Release|Any CPU
	EndGlobalSection
	GlobalSection(ProjectConfigurationPlatforms) = postSolution
		{A55B6B4E-44C7-446B-8684-F8A18642203B}.Debug|Any CPU.ActiveCfg = Debug|Any CPU
		{A55B6B4E-44C7-446B-8684-F8A18642203B}.Debug|Any CPU.Build.0 = Debug|Any CPU
		{A55B6B4E-44C7-446B-8684-F8A18642203B}.Release|Any CPU.ActiveCfg = Release|Any CPU
		{A55B6B4E-44C7-446B-8684-F8A18642203B}.Release|Any CPU.Build.0 = Release|Any CPU
	EndGlobalSection
	GlobalSection(SolutionProperties) = preSolution
		HideSolutionNode = FALSE
	EndGlobalSection
	GlobalSection(ExtensibilityGlobals) = postSolution
		SolutionGuid = {5C70FCB6-3116-4C15-9AF8-0677BBD7DCFD}
	EndGlobalSection
EndGlobal
